// !$*UTF8*$!
{
	archiveVersion = 1;
	classes = {
	};
	objectVersion = 48;
	objects = {

/* Begin PBXBuildFile section */
		A54F900220093CD700195DE1 /* AppDelegate.swift in Sources */ = {isa = PBXBuildFile; fileRef = A54F900120093CD700195DE1 /* AppDelegate.swift */; };
		A54F900420093CD700195DE1 /* ViewController.swift in Sources */ = {isa = PBXBuildFile; fileRef = A54F900320093CD700195DE1 /* ViewController.swift */; };
		A54F900720093CD700195DE1 /* Main.storyboard in Resources */ = {isa = PBXBuildFile; fileRef = A54F900520093CD700195DE1 /* Main.storyboard */; };
		A54F900920093CD700195DE1 /* Assets.xcassets in Resources */ = {isa = PBXBuildFile; fileRef = A54F900820093CD700195DE1 /* Assets.xcassets */; };
		A54F900C20093CD700195DE1 /* LaunchScreen.storyboard in Resources */ = {isa = PBXBuildFile; fileRef = A54F900A20093CD700195DE1 /* LaunchScreen.storyboard */; };
		A54F901720093CD700195DE1 /* TumblrTests.swift in Sources */ = {isa = PBXBuildFile; fileRef = A54F901620093CD700195DE1 /* TumblrTests.swift */; };
		A54F902220093CD700195DE1 /* TumblrUITests.swift in Sources */ = {isa = PBXBuildFile; fileRef = A54F902120093CD700195DE1 /* TumblrUITests.swift */; };
/* End PBXBuildFile section */

/* Begin PBXContainerItemProxy section */
		A54F901320093CD700195DE1 /* PBXContainerItemProxy */ = {
			isa = PBXContainerItemProxy;
			containerPortal = A54F8FF620093CD600195DE1 /* Project object */;
			proxyType = 1;
			remoteGlobalIDString = A54F8FFD20093CD600195DE1;
			remoteInfo = Tumblr;
		};
		A54F901E20093CD700195DE1 /* PBXContainerItemProxy */ = {
			isa = PBXContainerItemProxy;
			containerPortal = A54F8FF620093CD600195DE1 /* Project object */;
			proxyType = 1;
			remoteGlobalIDString = A54F8FFD20093CD600195DE1;
			remoteInfo = Tumblr;
		};
/* End PBXContainerItemProxy section */

/* Begin PBXFileReference section */
		A54F8FFE20093CD600195DE1 /* Tumblr.app */ = {isa = PBXFileReference; explicitFileType = wrapper.application; includeInIndex = 0; path = Tumblr.app; sourceTree = BUILT_PRODUCTS_DIR; };
		A54F900120093CD700195DE1 /* AppDelegate.swift */ = {isa = PBXFileReference; lastKnownFileType = sourcecode.swift; path = AppDelegate.swift; sourceTree = "<group>"; };
		A54F900320093CD700195DE1 /* ViewController.swift */ = {isa = PBXFileReference; lastKnownFileType = sourcecode.swift; path = ViewController.swift; sourceTree = "<group>"; };
		A54F900620093CD700195DE1 /* Base */ = {isa = PBXFileReference; lastKnownFileType = file.storyboard; name = Base; path = Base.lproj/Main.storyboard; sourceTree = "<group>"; };
		A54F900820093CD700195DE1 /* Assets.xcassets */ = {isa = PBXFileReference; lastKnownFileType = folder.assetcatalog; path = Assets.xcassets; sourceTree = "<group>"; };
		A54F900B20093CD700195DE1 /* Base */ = {isa = PBXFileReference; lastKnownFileType = file.storyboard; name = Base; path = Base.lproj/LaunchScreen.storyboard; sourceTree = "<group>"; };
		A54F900D20093CD700195DE1 /* Info.plist */ = {isa = PBXFileReference; lastKnownFileType = text.plist.xml; path = Info.plist; sourceTree = "<group>"; };
		A54F901220093CD700195DE1 /* TumblrTests.xctest */ = {isa = PBXFileReference; explicitFileType = wrapper.cfbundle; includeInIndex = 0; path = TumblrTests.xctest; sourceTree = BUILT_PRODUCTS_DIR; };
		A54F901620093CD700195DE1 /* TumblrTests.swift */ = {isa = PBXFileReference; lastKnownFileType = sourcecode.swift; path = TumblrTests.swift; sourceTree = "<group>"; };
		A54F901820093CD700195DE1 /* Info.plist */ = {isa = PBXFileReference; lastKnownFileType = text.plist.xml; path = Info.plist; sourceTree = "<group>"; };
		A54F901D20093CD700195DE1 /* TumblrUITests.xctest */ = {isa = PBXFileReference; explicitFileType = wrapper.cfbundle; includeInIndex = 0; path = TumblrUITests.xctest; sourceTree = BUILT_PRODUCTS_DIR; };
		A54F902120093CD700195DE1 /* TumblrUITests.swift */ = {isa = PBXFileReference; lastKnownFileType = sourcecode.swift; path = TumblrUITests.swift; sourceTree = "<group>"; };
		A54F902320093CD700195DE1 /* Info.plist */ = {isa = PBXFileReference; lastKnownFileType = text.plist.xml; path = Info.plist; sourceTree = "<group>"; };
/* End PBXFileReference section */

/* Begin PBXFrameworksBuildPhase section */
		A54F8FFB20093CD600195DE1 /* Frameworks */ = {
			isa = PBXFrameworksBuildPhase;
			buildActionMask = 2147483647;
			files = (
			);
			runOnlyForDeploymentPostprocessing = 0;
		};
		A54F900F20093CD700195DE1 /* Frameworks */ = {
			isa = PBXFrameworksBuildPhase;
			buildActionMask = 2147483647;
			files = (
			);
			runOnlyForDeploymentPostprocessing = 0;
		};
		A54F901A20093CD700195DE1 /* Frameworks */ = {
			isa = PBXFrameworksBuildPhase;
			buildActionMask = 2147483647;
			files = (
			);
			runOnlyForDeploymentPostprocessing = 0;
		};
/* End PBXFrameworksBuildPhase section */

/* Begin PBXGroup section */
		A54F8FF520093CD600195DE1 = {
			isa = PBXGroup;
			children = (
				A54F900020093CD700195DE1 /* Tumblr */,
				A54F901520093CD700195DE1 /* TumblrTests */,
				A54F902020093CD700195DE1 /* TumblrUITests */,
				A54F8FFF20093CD600195DE1 /* Products */,
			);
			sourceTree = "<group>";
		};
		A54F8FFF20093CD600195DE1 /* Products */ = {
			isa = PBXGroup;
			children = (
				A54F8FFE20093CD600195DE1 /* Tumblr.app */,
				A54F901220093CD700195DE1 /* TumblrTests.xctest */,
				A54F901D20093CD700195DE1 /* TumblrUITests.xctest */,
			);
			name = Products;
			sourceTree = "<group>";
		};
		A54F900020093CD700195DE1 /* Tumblr */ = {
			isa = PBXGroup;
			children = (
				A54F900120093CD700195DE1 /* AppDelegate.swift */,
				A54F900320093CD700195DE1 /* ViewController.swift */,
				A54F900520093CD700195DE1 /* Main.storyboard */,
				A54F900820093CD700195DE1 /* Assets.xcassets */,
				A54F900A20093CD700195DE1 /* LaunchScreen.storyboard */,
				A54F900D20093CD700195DE1 /* Info.plist */,
			);
			path = Tumblr;
			sourceTree = "<group>";
		};
		A54F901520093CD700195DE1 /* TumblrTests */ = {
			isa = PBXGroup;
			children = (
				A54F901620093CD700195DE1 /* TumblrTests.swift */,
				A54F901820093CD700195DE1 /* Info.plist */,
			);
			path = TumblrTests;
			sourceTree = "<group>";
		};
		A54F902020093CD700195DE1 /* TumblrUITests */ = {
			isa = PBXGroup;
			children = (
				A54F902120093CD700195DE1 /* TumblrUITests.swift */,
				A54F902320093CD700195DE1 /* Info.plist */,
			);
			path = TumblrUITests;
			sourceTree = "<group>";
		};
/* End PBXGroup section */

/* Begin PBXNativeTarget section */
		A54F8FFD20093CD600195DE1 /* Tumblr */ = {
			isa = PBXNativeTarget;
			buildConfigurationList = A54F902620093CD700195DE1 /* Build configuration list for PBXNativeTarget "Tumblr" */;
			buildPhases = (
				A54F8FFA20093CD600195DE1 /* Sources */,
				A54F8FFB20093CD600195DE1 /* Frameworks */,
				A54F8FFC20093CD600195DE1 /* Resources */,
			);
			buildRules = (
			);
			dependencies = (
			);
			name = Tumblr;
			productName = Tumblr;
			productReference = A54F8FFE20093CD600195DE1 /* Tumblr.app */;
			productType = "com.apple.product-type.application";
		};
		A54F901120093CD700195DE1 /* TumblrTests */ = {
			isa = PBXNativeTarget;
			buildConfigurationList = A54F902920093CD700195DE1 /* Build configuration list for PBXNativeTarget "TumblrTests" */;
			buildPhases = (
				A54F900E20093CD700195DE1 /* Sources */,
				A54F900F20093CD700195DE1 /* Frameworks */,
				A54F901020093CD700195DE1 /* Resources */,
			);
			buildRules = (
			);
			dependencies = (
				A54F901420093CD700195DE1 /* PBXTargetDependency */,
			);
			name = TumblrTests;
			productName = TumblrTests;
			productReference = A54F901220093CD700195DE1 /* TumblrTests.xctest */;
			productType = "com.apple.product-type.bundle.unit-test";
		};
		A54F901C20093CD700195DE1 /* TumblrUITests */ = {
			isa = PBXNativeTarget;
			buildConfigurationList = A54F902C20093CD700195DE1 /* Build configuration list for PBXNativeTarget "TumblrUITests" */;
			buildPhases = (
				A54F901920093CD700195DE1 /* Sources */,
				A54F901A20093CD700195DE1 /* Frameworks */,
				A54F901B20093CD700195DE1 /* Resources */,
			);
			buildRules = (
			);
			dependencies = (
				A54F901F20093CD700195DE1 /* PBXTargetDependency */,
			);
			name = TumblrUITests;
			productName = TumblrUITests;
			productReference = A54F901D20093CD700195DE1 /* TumblrUITests.xctest */;
			productType = "com.apple.product-type.bundle.ui-testing";
		};
/* End PBXNativeTarget section */

/* Begin PBXProject section */
		A54F8FF620093CD600195DE1 /* Project object */ = {
			isa = PBXProject;
			attributes = {
				LastSwiftUpdateCheck = 0920;
				LastUpgradeCheck = 0920;
				ORGANIZATIONNAME = "Samuel Carbone";
				TargetAttributes = {
					A54F8FFD20093CD600195DE1 = {
						CreatedOnToolsVersion = 9.2;
						ProvisioningStyle = Automatic;
					};
					A54F901120093CD700195DE1 = {
						CreatedOnToolsVersion = 9.2;
						ProvisioningStyle = Automatic;
						TestTargetID = A54F8FFD20093CD600195DE1;
					};
					A54F901C20093CD700195DE1 = {
						CreatedOnToolsVersion = 9.2;
						ProvisioningStyle = Automatic;
						TestTargetID = A54F8FFD20093CD600195DE1;
					};
				};
			};
			buildConfigurationList = A54F8FF920093CD600195DE1 /* Build configuration list for PBXProject "Tumblr" */;
			compatibilityVersion = "Xcode 8.0";
			developmentRegion = en;
			hasScannedForEncodings = 0;
			knownRegions = (
				en,
				Base,
			);
			mainGroup = A54F8FF520093CD600195DE1;
			productRefGroup = A54F8FFF20093CD600195DE1 /* Products */;
			projectDirPath = "";
			projectRoot = "";
			targets = (
				A54F8FFD20093CD600195DE1 /* Tumblr */,
				A54F901120093CD700195DE1 /* TumblrTests */,
				A54F901C20093CD700195DE1 /* TumblrUITests */,
			);
		};
/* End PBXProject section */

/* Begin PBXResourcesBuildPhase section */
		A54F8FFC20093CD600195DE1 /* Resources */ = {
			isa = PBXResourcesBuildPhase;
			buildActionMask = 2147483647;
			files = (
				A54F900C20093CD700195DE1 /* LaunchScreen.storyboard in Resources */,
				A54F900920093CD700195DE1 /* Assets.xcassets in Resources */,
				A54F900720093CD700195DE1 /* Main.storyboard in Resources */,
			);
			runOnlyForDeploymentPostprocessing = 0;
		};
		A54F901020093CD700195DE1 /* Resources */ = {
			isa = PBXResourcesBuildPhase;
			buildActionMask = 2147483647;
			files = (
			);
			runOnlyForDeploymentPostprocessing = 0;
		};
		A54F901B20093CD700195DE1 /* Resources */ = {
			isa = PBXResourcesBuildPhase;
			buildActionMask = 2147483647;
			files = (
			);
			runOnlyForDeploymentPostprocessing = 0;
		};
/* End PBXResourcesBuildPhase section */

/* Begin PBXSourcesBuildPhase section */
		A54F8FFA20093CD600195DE1 /* Sources */ = {
			isa = PBXSourcesBuildPhase;
			buildActionMask = 2147483647;
			files = (
				A54F900420093CD700195DE1 /* ViewController.swift in Sources */,
				A54F900220093CD700195DE1 /* AppDelegate.swift in Sources */,
			);
			runOnlyForDeploymentPostprocessing = 0;
		};
		A54F900E20093CD700195DE1 /* Sources */ = {
			isa = PBXSourcesBuildPhase;
			buildActionMask = 2147483647;
			files = (
				A54F901720093CD700195DE1 /* TumblrTests.swift in Sources */,
			);
			runOnlyForDeploymentPostprocessing = 0;
		};
		A54F901920093CD700195DE1 /* Sources */ = {
			isa = PBXSourcesBuildPhase;
			buildActionMask = 2147483647;
			files = (
				A54F902220093CD700195DE1 /* TumblrUITests.swift in Sources */,
			);
			runOnlyForDeploymentPostprocessing = 0;
		};
/* End PBXSourcesBuildPhase section */

/* Begin PBXTargetDependency section */
		A54F901420093CD700195DE1 /* PBXTargetDependency */ = {
			isa = PBXTargetDependency;
			target = A54F8FFD20093CD600195DE1 /* Tumblr */;
			targetProxy = A54F901320093CD700195DE1 /* PBXContainerItemProxy */;
		};
		A54F901F20093CD700195DE1 /* PBXTargetDependency */ = {
			isa = PBXTargetDependency;
			target = A54F8FFD20093CD600195DE1 /* Tumblr */;
			targetProxy = A54F901E20093CD700195DE1 /* PBXContainerItemProxy */;
		};
/* End PBXTargetDependency section */

/* Begin PBXVariantGroup section */
		A54F900520093CD700195DE1 /* Main.storyboard */ = {
			isa = PBXVariantGroup;
			children = (
				A54F900620093CD700195DE1 /* Base */,
			);
			name = Main.storyboard;
			sourceTree = "<group>";
		};
		A54F900A20093CD700195DE1 /* LaunchScreen.storyboard */ = {
			isa = PBXVariantGroup;
			children = (
				A54F900B20093CD700195DE1 /* Base */,
			);
			name = LaunchScreen.storyboard;
			sourceTree = "<group>";
		};
/* End PBXVariantGroup section */

/* Begin XCBuildConfiguration section */
		A54F902420093CD700195DE1 /* Debug */ = {
			isa = XCBuildConfiguration;
			buildSettings = {
				ALWAYS_SEARCH_USER_PATHS = NO;
				CLANG_ANALYZER_NONNULL = YES;
				CLANG_ANALYZER_NUMBER_OBJECT_CONVERSION = YES_AGGRESSIVE;
				CLANG_CXX_LANGUAGE_STANDARD = "gnu++14";
				CLANG_CXX_LIBRARY = "libc++";
				CLANG_ENABLE_MODULES = YES;
				CLANG_ENABLE_OBJC_ARC = YES;
				CLANG_WARN_BLOCK_CAPTURE_AUTORELEASING = YES;
				CLANG_WARN_BOOL_CONVERSION = YES;
				CLANG_WARN_COMMA = YES;
				CLANG_WARN_CONSTANT_CONVERSION = YES;
				CLANG_WARN_DIRECT_OBJC_ISA_USAGE = YES_ERROR;
				CLANG_WARN_DOCUMENTATION_COMMENTS = YES;
				CLANG_WARN_EMPTY_BODY = YES;
				CLANG_WARN_ENUM_CONVERSION = YES;
				CLANG_WARN_INFINITE_RECURSION = YES;
				CLANG_WARN_INT_CONVERSION = YES;
				CLANG_WARN_NON_LITERAL_NULL_CONVERSION = YES;
				CLANG_WARN_OBJC_LITERAL_CONVERSION = YES;
				CLANG_WARN_OBJC_ROOT_CLASS = YES_ERROR;
				CLANG_WARN_RANGE_LOOP_ANALYSIS = YES;
				CLANG_WARN_STRICT_PROTOTYPES = YES;
				CLANG_WARN_SUSPICIOUS_MOVE = YES;
				CLANG_WARN_UNGUARDED_AVAILABILITY = YES_AGGRESSIVE;
				CLANG_WARN_UNREACHABLE_CODE = YES;
				CLANG_WARN__DUPLICATE_METHOD_MATCH = YES;
				CODE_SIGN_IDENTITY = "iPhone Developer";
				COPY_PHASE_STRIP = NO;
				DEBUG_INFORMATION_FORMAT = dwarf;
				ENABLE_STRICT_OBJC_MSGSEND = YES;
				ENABLE_TESTABILITY = YES;
				GCC_C_LANGUAGE_STANDARD = gnu11;
				GCC_DYNAMIC_NO_PIC = NO;
				GCC_NO_COMMON_BLOCKS = YES;
				GCC_OPTIMIZATION_LEVEL = 0;
				GCC_PREPROCESSOR_DEFINITIONS = (
					"DEBUG=1",
					"$(inherited)",
				);
				GCC_WARN_64_TO_32_BIT_CONVERSION = YES;
				GCC_WARN_ABOUT_RETURN_TYPE = YES_ERROR;
				GCC_WARN_UNDECLARED_SELECTOR = YES;
				GCC_WARN_UNINITIALIZED_AUTOS = YES_AGGRESSIVE;
				GCC_WARN_UNUSED_FUNCTION = YES;
				GCC_WARN_UNUSED_VARIABLE = YES;
				IPHONEOS_DEPLOYMENT_TARGET = 11.2;
				MTL_ENABLE_DEBUG_INFO = YES;
				ONLY_ACTIVE_ARCH = YES;
				SDKROOT = iphoneos;
				SWIFT_ACTIVE_COMPILATION_CONDITIONS = DEBUG;
				SWIFT_OPTIMIZATION_LEVEL = "-Onone";
			};
			name = Debug;
		};
		A54F902520093CD700195DE1 /* Release */ = {
			isa = XCBuildConfiguration;
			buildSettings = {
				ALWAYS_SEARCH_USER_PATHS = NO;
				CLANG_ANALYZER_NONNULL = YES;
				CLANG_ANALYZER_NUMBER_OBJECT_CONVERSION = YES_AGGRESSIVE;
				CLANG_CXX_LANGUAGE_STANDARD = "gnu++14";
				CLANG_CXX_LIBRARY = "libc++";
				CLANG_ENABLE_MODULES = YES;
				CLANG_ENABLE_OBJC_ARC = YES;
				CLANG_WARN_BLOCK_CAPTURE_AUTORELEASING = YES;
				CLANG_WARN_BOOL_CONVERSION = YES;
				CLANG_WARN_COMMA = YES;
				CLANG_WARN_CONSTANT_CONVERSION = YES;
				CLANG_WARN_DIRECT_OBJC_ISA_USAGE = YES_ERROR;
				CLANG_WARN_DOCUMENTATION_COMMENTS = YES;
				CLANG_WARN_EMPTY_BODY = YES;
				CLANG_WARN_ENUM_CONVERSION = YES;
				CLANG_WARN_INFINITE_RECURSION = YES;
				CLANG_WARN_INT_CONVERSION = YES;
				CLANG_WARN_NON_LITERAL_NULL_CONVERSION = YES;
				CLANG_WARN_OBJC_LITERAL_CONVERSION = YES;
				CLANG_WARN_OBJC_ROOT_CLASS = YES_ERROR;
				CLANG_WARN_RANGE_LOOP_ANALYSIS = YES;
				CLANG_WARN_STRICT_PROTOTYPES = YES;
				CLANG_WARN_SUSPICIOUS_MOVE = YES;
				CLANG_WARN_UNGUARDED_AVAILABILITY = YES_AGGRESSIVE;
				CLANG_WARN_UNREACHABLE_CODE = YES;
				CLANG_WARN__DUPLICATE_METHOD_MATCH = YES;
				CODE_SIGN_IDENTITY = "iPhone Developer";
				COPY_PHASE_STRIP = NO;
				DEBUG_INFORMATION_FORMAT = "dwarf-with-dsym";
				ENABLE_NS_ASSERTIONS = NO;
				ENABLE_STRICT_OBJC_MSGSEND = YES;
				GCC_C_LANGUAGE_STANDARD = gnu11;
				GCC_NO_COMMON_BLOCKS = YES;
				GCC_WARN_64_TO_32_BIT_CONVERSION = YES;
				GCC_WARN_ABOUT_RETURN_TYPE = YES_ERROR;
				GCC_WARN_UNDECLARED_SELECTOR = YES;
				GCC_WARN_UNINITIALIZED_AUTOS = YES_AGGRESSIVE;
				GCC_WARN_UNUSED_FUNCTION = YES;
				GCC_WARN_UNUSED_VARIABLE = YES;
				IPHONEOS_DEPLOYMENT_TARGET = 11.2;
				MTL_ENABLE_DEBUG_INFO = NO;
				SDKROOT = iphoneos;
				SWIFT_OPTIMIZATION_LEVEL = "-Owholemodule";
				VALIDATE_PRODUCT = YES;
			};
			name = Release;
		};
		A54F902720093CD700195DE1 /* Debug */ = {
			isa = XCBuildConfiguration;
			buildSettings = {
				ASSETCATALOG_COMPILER_APPICON_NAME = AppIcon;
				CODE_SIGN_STYLE = Automatic;
				DEVELOPMENT_TEAM = 995R6M794F;
				INFOPLIST_FILE = Tumblr/Info.plist;
				LD_RUNPATH_SEARCH_PATHS = "$(inherited) @executable_path/Frameworks";
				PRODUCT_BUNDLE_IDENTIFIER = com.testing.Tumblr;
				PRODUCT_NAME = "$(TARGET_NAME)";
				SWIFT_VERSION = 4.0;
				TARGETED_DEVICE_FAMILY = "1,2";
			};
			name = Debug;
		};
		A54F902820093CD700195DE1 /* Release */ = {
			isa = XCBuildConfiguration;
			buildSettings = {
				ASSETCATALOG_COMPILER_APPICON_NAME = AppIcon;
				CODE_SIGN_STYLE = Automatic;
				DEVELOPMENT_TEAM = 995R6M794F;
				INFOPLIST_FILE = Tumblr/Info.plist;
				LD_RUNPATH_SEARCH_PATHS = "$(inherited) @executable_path/Frameworks";
				PRODUCT_BUNDLE_IDENTIFIER = com.testing.Tumblr;
				PRODUCT_NAME = "$(TARGET_NAME)";
				SWIFT_VERSION = 4.0;
				TARGETED_DEVICE_FAMILY = "1,2";
			};
			name = Release;
		};
		A54F902A20093CD700195DE1 /* Debug */ = {
			isa = XCBuildConfiguration;
			buildSettings = {
				ALWAYS_EMBED_SWIFT_STANDARD_LIBRARIES = YES;
				BUNDLE_LOADER = "$(TEST_HOST)";
				CODE_SIGN_STYLE = Automatic;
				DEVELOPMENT_TEAM = 995R6M794F;
				INFOPLIST_FILE = TumblrTests/Info.plist;
				LD_RUNPATH_SEARCH_PATHS = "$(inherited) @executable_path/Frameworks @loader_path/Frameworks";
				PRODUCT_BUNDLE_IDENTIFIER = com.testing.TumblrTests;
				PRODUCT_NAME = "$(TARGET_NAME)";
				SWIFT_VERSION = 4.0;
				TARGETED_DEVICE_FAMILY = "1,2";
				TEST_HOST = "$(BUILT_PRODUCTS_DIR)/Tumblr.app/Tumblr";
			};
			name = Debug;
		};
		A54F902B20093CD700195DE1 /* Release */ = {
			isa = XCBuildConfiguration;
			buildSettings = {
				ALWAYS_EMBED_SWIFT_STANDARD_LIBRARIES = YES;
				BUNDLE_LOADER = "$(TEST_HOST)";
				CODE_SIGN_STYLE = Automatic;
				DEVELOPMENT_TEAM = 995R6M794F;
				INFOPLIST_FILE = TumblrTests/Info.plist;
				LD_RUNPATH_SEARCH_PATHS = "$(inherited) @executable_path/Frameworks @loader_path/Frameworks";
				PRODUCT_BUNDLE_IDENTIFIER = com.testing.TumblrTests;
				PRODUCT_NAME = "$(TARGET_NAME)";
				SWIFT_VERSION = 4.0;
				TARGETED_DEVICE_FAMILY = "1,2";
				TEST_HOST = "$(BUILT_PRODUCTS_DIR)/Tumblr.app/Tumblr";
			};
			name = Release;
		};
		A54F902D20093CD700195DE1 /* Debug */ = {
			isa = XCBuildConfiguration;
			buildSettings = {
				ALWAYS_EMBED_SWIFT_STANDARD_LIBRARIES = YES;
				CODE_SIGN_STYLE = Automatic;
				DEVELOPMENT_TEAM = 995R6M794F;
				INFOPLIST_FILE = TumblrUITests/Info.plist;
				LD_RUNPATH_SEARCH_PATHS = "$(inherited) @executable_path/Frameworks @loader_path/Frameworks";
				PRODUCT_BUNDLE_IDENTIFIER = com.testing.TumblrUITests;
				PRODUCT_NAME = "$(TARGET_NAME)";
				SWIFT_VERSION = 4.0;
				TARGETED_DEVICE_FAMILY = "1,2";
				TEST_TARGET_NAME = Tumblr;
			};
			name = Debug;
		};
		A54F902E20093CD700195DE1 /* Release */ = {
			isa = XCBuildConfiguration;
			buildSettings = {
				ALWAYS_EMBED_SWIFT_STANDARD_LIBRARIES = YES;
				CODE_SIGN_STYLE = Automatic;
				DEVELOPMENT_TEAM = 995R6M794F;
				INFOPLIST_FILE = TumblrUITests/Info.plist;
				LD_RUNPATH_SEARCH_PATHS = "$(inherited) @executable_path/Frameworks @loader_path/Frameworks";
				PRODUCT_BUNDLE_IDENTIFIER = com.testing.TumblrUITests;
				PRODUCT_NAME = "$(TARGET_NAME)";
				SWIFT_VERSION = 4.0;
				TARGETED_DEVICE_FAMILY = "1,2";
				TEST_TARGET_NAME = Tumblr;
			};
			name = Release;
		};
/* End XCBuildConfiguration section */

/* Begin XCConfigurationList section */
		A54F8FF920093CD600195DE1 /* Build configuration list for PBXProject "Tumblr" */ = {
			isa = XCConfigurationList;
			buildConfigurations = (
				A54F902420093CD700195DE1 /* Debug */,
				A54F902520093CD700195DE1 /* Release */,
			);
			defaultConfigurationIsVisible = 0;
			defaultConfigurationName = Release;
		};
		A54F902620093CD700195DE1 /* Build configuration list for PBXNativeTarget "Tumblr" */ = {
			isa = XCConfigurationList;
			buildConfigurations = (
				A54F902720093CD700195DE1 /* Debug */,
				A54F902820093CD700195DE1 /* Release */,
			);
			defaultConfigurationIsVisible = 0;
			defaultConfigurationName = Release;
		};
		A54F902920093CD700195DE1 /* Build configuration list for PBXNativeTarget "TumblrTests" */ = {
			isa = XCConfigurationList;
			buildConfigurations = (
				A54F902A20093CD700195DE1 /* Debug */,
				A54F902B20093CD700195DE1 /* Release */,
			);
			defaultConfigurationIsVisible = 0;
			defaultConfigurationName = Release;
		};
		A54F902C20093CD700195DE1 /* Build configuration list for PBXNativeTarget "TumblrUITests" */ = {
			isa = XCConfigurationList;
			buildConfigurations = (
				A54F902D20093CD700195DE1 /* Debug */,
				A54F902E20093CD700195DE1 /* Release */,
			);
			defaultConfigurationIsVisible = 0;
			defaultConfigurationName = Release;
		};
/* End XCConfigurationList section */
	};
	rootObject = A54F8FF620093CD600195DE1 /* Project object */;
}
